
Microsoft Visual Studio Solution File, Format Version 12.00
# Visual Studio Version 17
VisualStudioVersion = 17.13.35818.85 d17.13
MinimumVisualStudioVersion = 10.0.40219.1
Project("{FAE04EC0-301F-11D3-BF4B-00C04F79EFBC}") = "My_Book", "My_Book\My_Book.csproj", "{C48F41AA-8DC5-4924-8588-D0552756059E}"
EndProject
Global
	GlobalSection(SolutionConfigurationPlatforms) = preSolution
		Debug|Any CPU = Debug|Any CPU
		Release|Any CPU = Release|Any CPU
	EndGlobalSection
	GlobalSection(ProjectConfigurationPlatforms) = postSolution
		{C48F41AA-8DC5-4924-8588-D0552756059E}.Debug|Any CPU.ActiveCfg = Debug|Any CPU
		{C48F41AA-8DC5-4924-8588-D0552756059E}.Debug|Any CPU.Build.0 = Debug|Any CPU
		{C48F41AA-8DC5-4924-8588-D0552756059E}.Release|Any CPU.ActiveCfg = Release|Any CPU
		{C48F41AA-8DC5-4924-8588-D0552756059E}.Release|Any CPU.Build.0 = Release|Any CPU
	EndGlobalSection
	GlobalSection(SolutionProperties) = preSolution
		HideSolutionNode = FALSE
	EndGlobalSection
	GlobalSection(ExtensibilityGlobals) = postSolution
		SolutionGuid = {99A63EE0-A6B1-4B87-93B4-1D7233160CEA}
	EndGlobalSection
EndGlobal
